
Microsoft Visual Studio Solution File, Format Version 12.00
# Visual Studio Version 17
VisualStudioVersion = 17.5.002.0
MinimumVisualStudioVersion = 10.0.40219.1
Project("{9A19103F-16F7-4668-BE54-9A1E7A4F7556}") = "BeamDeflectionBlazorApp", "BeamDeflectionBlazorApp\BeamDeflectionBlazorApp.csproj", "{AFA735B3-894B-4661-BFAE-D9F238617D31}"
EndProject
Project("{9A19103F-16F7-4668-BE54-9A1E7A4F7556}") = "MLAPI", "MLAPI\MLAPI.csproj", "{8CF23055-C2AB-4EDC-B117-E67D2CB8D8E2}"
EndProject
Global
	GlobalSection(SolutionConfigurationPlatforms) = preSolution
		Debug|Any CPU = Debug|Any CPU
		Release|Any CPU = Release|Any CPU
	EndGlobalSection
	GlobalSection(ProjectConfigurationPlatforms) = postSolution
		{AFA735B3-894B-4661-BFAE-D9F238617D31}.Debug|Any CPU.ActiveCfg = Debug|Any CPU
		{AFA735B3-894B-4661-BFAE-D9F238617D31}.Debug|Any CPU.Build.0 = Debug|Any CPU
		{AFA735B3-894B-4661-BFAE-D9F238617D31}.Release|Any CPU.ActiveCfg = Release|Any CPU
		{AFA735B3-894B-4661-BFAE-D9F238617D31}.Release|Any CPU.Build.0 = Release|Any CPU
		{8CF23055-C2AB-4EDC-B117-E67D2CB8D8E2}.Debug|Any CPU.ActiveCfg = Debug|Any CPU
		{8CF23055-C2AB-4EDC-B117-E67D2CB8D8E2}.Debug|Any CPU.Build.0 = Debug|Any CPU
		{8CF23055-C2AB-4EDC-B117-E67D2CB8D8E2}.Release|Any CPU.ActiveCfg = Release|Any CPU
		{8CF23055-C2AB-4EDC-B117-E67D2CB8D8E2}.Release|Any CPU.Build.0 = Release|Any CPU
	EndGlobalSection
	GlobalSection(SolutionProperties) = preSolution
		HideSolutionNode = FALSE
	EndGlobalSection
	GlobalSection(ExtensibilityGlobals) = postSolution
		SolutionGuid = {792DAE5F-41CA-427B-A67E-45C7E8A0EA47}
	EndGlobalSection
EndGlobal
